
Microsoft Visual Studio Solution File, Format Version 12.00
# Visual Studio Version 17
VisualStudioVersion = 17.4.33205.214
MinimumVisualStudioVersion = 10.0.40219.1
Project("{FAE04EC0-301F-11D3-BF4B-00C04F79EFBC}") = "PitmanTraining", "PitmanTraining\PitmanTraining.csproj", "{40545FAC-D569-4475-9FCA-4BC620907676}"
EndProject
Global
	GlobalSection(SolutionConfigurationPlatforms) = preSolution
		Debug|Any CPU = Debug|Any CPU
		Release|Any CPU = Release|Any CPU
	EndGlobalSection
	GlobalSection(ProjectConfigurationPlatforms) = postSolution
		{40545FAC-D569-4475-9FCA-4BC620907676}.Debug|Any CPU.ActiveCfg = Debug|Any CPU
		{40545FAC-D569-4475-9FCA-4BC620907676}.Debug|Any CPU.Build.0 = Debug|Any CPU
		{40545FAC-D569-4475-9FCA-4BC620907676}.Release|Any CPU.ActiveCfg = Release|Any CPU
		{40545FAC-D569-4475-9FCA-4BC620907676}.Release|Any CPU.Build.0 = Release|Any CPU
	EndGlobalSection
	GlobalSection(SolutionProperties) = preSolution
		HideSolutionNode = FALSE
	EndGlobalSection
	GlobalSection(ExtensibilityGlobals) = postSolution
		SolutionGuid = {4F0C774C-9D5F-4096-8181-B367E299F1F9}
	EndGlobalSection
EndGlobal
